Microsoft Visual Studio Solution File, Format Version 12.00
# Visual Studio Version 17
VisualStudioVersion = 17.7.34221.43
MinimumVisualStudioVersion = 10.0.40219.1
Project("{2150E333-8FDC-42A3-9474-1A3956D46DE8}") = "JWTAuthentication", "JWTAuthentication", "{05439397-413C-4FB3-B2CA-FEB1248081EB}"
EndProject
Project("{2150E333-8FDC-42A3-9474-1A3956D46DE8}") = "WoodService", "WoodService", "{235008CF-95E4-4212-89FE-8A952B19A42C}"
EndProject
Project("{2150E333-8FDC-42A3-9474-1A3956D46DE8}") = "src", "src", "{4D04BD44-EF70-4E71-B445-C4D1D71DD55C}"
EndProject
Project("{9A19103F-16F7-4668-BE54-9A1E7A4F7556}") = "Wood.Application", "RequestService\Request.Application\Wood.Application.csproj", "{C8F45FD8-D8C5-42D1-92DC-3B9DA696DA7D}"
EndProject
Project("{9A19103F-16F7-4668-BE54-9A1E7A4F7556}") = "Wood.Domain", "RequestService\Reqpuest.Domain\Wood.Domain.csproj", "{A1DFBBD7-E672-49C8-9D09-B6678CF20BEB}"
EndProject
Project("{9A19103F-16F7-4668-BE54-9A1E7A4F7556}") = "Wood.Infrastructure", "RequestService\Request.Infrastructure\Wood.Infrastructure.csproj", "{7BFDE329-73E1-41E0-9EDB-D9A763266A08}"
EndProject
Project("{9A19103F-16F7-4668-BE54-9A1E7A4F7556}") = "Wood.API", "Wood.API\Wood.API.csproj", "{5AB38A01-AF41-4428-8A1F-D1DB49E8B952}"
EndProject
Project("{9A19103F-16F7-4668-BE54-9A1E7A4F7556}") = "JWT", "..\JWT.Auth\JWT.csproj", "{0E8EBD9C-2F90-40C7-8802-6D012873F070}"
EndProject
Project("{2150E333-8FDC-42A3-9474-1A3956D46DE8}") = "ApiGetAway", "ApiGetAway", "{6A04A2B1-3B77-4F7F-BDF1-102F5D8B0634}"
EndProject
Project("{9A19103F-16F7-4668-BE54-9A1E7A4F7556}") = "Api.GetAway", "Api.GetAway\Api.GetAway.csproj", "{ABAE8126-C5B5-4F5F-A2A5-F4CC834A9B67}"
EndProject
Global
	GlobalSection(SolutionConfigurationPlatforms) = preSolution
		Debug|Any CPU = Debug|Any CPU
		Release|Any CPU = Release|Any CPU
	EndGlobalSection
	GlobalSection(ProjectConfigurationPlatforms) = postSolution
		{C8F45FD8-D8C5-42D1-92DC-3B9DA696DA7D}.Debug|Any CPU.ActiveCfg = Debug|Any CPU
		{C8F45FD8-D8C5-42D1-92DC-3B9DA696DA7D}.Debug|Any CPU.Build.0 = Debug|Any CPU
		{C8F45FD8-D8C5-42D1-92DC-3B9DA696DA7D}.Release|Any CPU.ActiveCfg = Release|Any CPU
		{C8F45FD8-D8C5-42D1-92DC-3B9DA696DA7D}.Release|Any CPU.Build.0 = Release|Any CPU
		{A1DFBBD7-E672-49C8-9D09-B6678CF20BEB}.Debug|Any CPU.ActiveCfg = Debug|Any CPU
		{A1DFBBD7-E672-49C8-9D09-B6678CF20BEB}.Debug|Any CPU.Build.0 = Debug|Any CPU
		{A1DFBBD7-E672-49C8-9D09-B6678CF20BEB}.Release|Any CPU.ActiveCfg = Release|Any CPU
		{A1DFBBD7-E672-49C8-9D09-B6678CF20BEB}.Release|Any CPU.Build.0 = Release|Any CPU
		{7BFDE329-73E1-41E0-9EDB-D9A763266A08}.Debug|Any CPU.ActiveCfg = Debug|Any CPU
		{7BFDE329-73E1-41E0-9EDB-D9A763266A08}.Debug|Any CPU.Build.0 = Debug|Any CPU
		{7BFDE329-73E1-41E0-9EDB-D9A763266A08}.Release|Any CPU.ActiveCfg = Release|Any CPU
		{7BFDE329-73E1-41E0-9EDB-D9A763266A08}.Release|Any CPU.Build.0 = Release|Any CPU
		{5AB38A01-AF41-4428-8A1F-D1DB49E8B952}.Debug|Any CPU.ActiveCfg = Debug|Any CPU
		{5AB38A01-AF41-4428-8A1F-D1DB49E8B952}.Debug|Any CPU.Build.0 = Debug|Any CPU
		{5AB38A01-AF41-4428-8A1F-D1DB49E8B952}.Release|Any CPU.ActiveCfg = Release|Any CPU
		{5AB38A01-AF41-4428-8A1F-D1DB49E8B952}.Release|Any CPU.Build.0 = Release|Any CPU
		{0E8EBD9C-2F90-40C7-8802-6D012873F070}.Debug|Any CPU.ActiveCfg = Debug|Any CPU
		{0E8EBD9C-2F90-40C7-8802-6D012873F070}.Debug|Any CPU.Build.0 = Debug|Any CPU
		{0E8EBD9C-2F90-40C7-8802-6D012873F070}.Release|Any CPU.ActiveCfg = Release|Any CPU
		{0E8EBD9C-2F90-40C7-8802-6D012873F070}.Release|Any CPU.Build.0 = Release|Any CPU
		{ABAE8126-C5B5-4F5F-A2A5-F4CC834A9B67}.Debug|Any CPU.ActiveCfg = Debug|Any CPU
		{ABAE8126-C5B5-4F5F-A2A5-F4CC834A9B67}.Debug|Any CPU.Build.0 = Debug|Any CPU
		{ABAE8126-C5B5-4F5F-A2A5-F4CC834A9B67}.Release|Any CPU.ActiveCfg = Release|Any CPU
		{ABAE8126-C5B5-4F5F-A2A5-F4CC834A9B67}.Release|Any CPU.Build.0 = Release|Any CPU
	EndGlobalSection
	GlobalSection(SolutionProperties) = preSolution
		HideSolutionNode = FALSE
	EndGlobalSection
	GlobalSection(NestedProjects) = preSolution
		{05439397-413C-4FB3-B2CA-FEB1248081EB} = {4D04BD44-EF70-4E71-B445-C4D1D71DD55C}
		{235008CF-95E4-4212-89FE-8A952B19A42C} = {4D04BD44-EF70-4E71-B445-C4D1D71DD55C}
		{C8F45FD8-D8C5-42D1-92DC-3B9DA696DA7D} = {235008CF-95E4-4212-89FE-8A952B19A42C}
		{A1DFBBD7-E672-49C8-9D09-B6678CF20BEB} = {235008CF-95E4-4212-89FE-8A952B19A42C}
		{7BFDE329-73E1-41E0-9EDB-D9A763266A08} = {235008CF-95E4-4212-89FE-8A952B19A42C}
		{5AB38A01-AF41-4428-8A1F-D1DB49E8B952} = {235008CF-95E4-4212-89FE-8A952B19A42C}
		{0E8EBD9C-2F90-40C7-8802-6D012873F070} = {05439397-413C-4FB3-B2CA-FEB1248081EB}
		{6A04A2B1-3B77-4F7F-BDF1-102F5D8B0634} = {4D04BD44-EF70-4E71-B445-C4D1D71DD55C}
		{ABAE8126-C5B5-4F5F-A2A5-F4CC834A9B67} = {6A04A2B1-3B77-4F7F-BDF1-102F5D8B0634}
	EndGlobalSection
	GlobalSection(ExtensibilityGlobals) = postSolution
		SolutionGuid = {C22D5D30-333D-4350-A4A2-C4781F16458F}
	EndGlobalSection
EndGlobal
